PODS:
  - Realm (10.7.5):
    - Realm/Headers (= 10.7.5)
  - Realm/Headers (10.7.5)
  - RealmSwift (10.7.5):
    - Realm (= 10.7.5)
  - SwipeCellKit (2.7.1)

DEPENDENCIES:
  - RealmSwift
  - SwipeCellKit

SPEC REPOS:
  trunk:
    - Realm
    - RealmSwift
    - SwipeCellKit

SPEC CHECKSUMS:
  Realm: 06f5c67f87cb8c5f27b122218ce22e9a77314517
  RealmSwift: b46535b52e69b9ed33912f0fcb3182ab0a5743ee
  SwipeCellKit: 3972254a826da74609926daf59b08d6c72e619ea

PODFILE CHECKSUM: 06e42aee3e99c7359c6bf64942dae652f251344c

COCOAPODS: 1.10.1
